
Microsoft Visual Studio Solution File, Format Version 12.00
# Visual Studio 15
VisualStudioVersion = 15.0.26430.12
MinimumVisualStudioVersion = 10.0.40219.1
Project("{FAE04EC0-301F-11D3-BF4B-00C04F79EFBC}") = "HackerRankTest", "HackerRankTest\HackerRankTest.csproj", "{1E05EA10-6819-4531-B7AB-47EB6F92AECA}"
EndProject
Project("{FAE04EC0-301F-11D3-BF4B-00C04F79EFBC}") = "HackerRank", "HackerRank\HackerRank.csproj", "{EE8D47E6-FB01-4946-BA9A-F76141C15900}"
EndProject
Global
	GlobalSection(SolutionConfigurationPlatforms) = preSolution
		Debug|Any CPU = Debug|Any CPU
		Release|Any CPU = Release|Any CPU
	EndGlobalSection
	GlobalSection(ProjectConfigurationPlatforms) = postSolution
		{1E05EA10-6819-4531-B7AB-47EB6F92AECA}.Debug|Any CPU.ActiveCfg = Debug|Any CPU
		{1E05EA10-6819-4531-B7AB-47EB6F92AECA}.Debug|Any CPU.Build.0 = Debug|Any CPU
		{1E05EA10-6819-4531-B7AB-47EB6F92AECA}.Release|Any CPU.ActiveCfg = Release|Any CPU
		{1E05EA10-6819-4531-B7AB-47EB6F92AECA}.Release|Any CPU.Build.0 = Release|Any CPU
		{EE8D47E6-FB01-4946-BA9A-F76141C15900}.Debug|Any CPU.ActiveCfg = Debug|Any CPU
		{EE8D47E6-FB01-4946-BA9A-F76141C15900}.Debug|Any CPU.Build.0 = Debug|Any CPU
		{EE8D47E6-FB01-4946-BA9A-F76141C15900}.Release|Any CPU.ActiveCfg = Release|Any CPU
		{EE8D47E6-FB01-4946-BA9A-F76141C15900}.Release|Any CPU.Build.0 = Release|Any CPU
	EndGlobalSection
	GlobalSection(SolutionProperties) = preSolution
		HideSolutionNode = FALSE
	EndGlobalSection
	GlobalSection(ExtensibilityGlobals) = postSolution
		SolutionGuid = {EA62347B-138B-4FE6-8801-A5CF011C3987}
	EndGlobalSection
EndGlobal
